
Microsoft Visual Studio Solution File, Format Version 12.00
# Visual Studio Version 17
VisualStudioVersion = 17.12.35707.178
MinimumVisualStudioVersion = 10.0.40219.1
Project("{2150E333-8FDC-42A3-9474-1A3956D46DE8}") = "Service", "Service", "{8EB6F81F-EB8C-47F8-910E-EBDDFBD783CA}"
EndProject
Project("{FAE04EC0-301F-11D3-BF4B-00C04F79EFBC}") = "BlogFlow.Core.Services.WebApi", "BlogFlow.Core.Services.WebApi\BlogFlow.Core.Services.WebApi.csproj", "{59AA1281-B0E5-4539-BA83-D6D4106612F1}"
EndProject
Project("{2150E333-8FDC-42A3-9474-1A3956D46DE8}") = "Transversal", "Transversal", "{46D5221B-40B7-4505-AF98-FA9AD5785903}"
EndProject
Project("{FAE04EC0-301F-11D3-BF4B-00C04F79EFBC}") = "BlogFlow.Auth.Transversal.Common", "..\BlogFlow.Auth\BlogFlow.Auth.Transversal.Common\BlogFlow.Auth.Transversal.Common.csproj", "{C8820C19-CB88-4A00-ACD3-F46B731BE925}"
EndProject
Project("{2150E333-8FDC-42A3-9474-1A3956D46DE8}") = "Infrastructure", "Infrastructure", "{D56E9D98-0F86-4A57-9B36-554C524FDC86}"
EndProject
Project("{2150E333-8FDC-42A3-9474-1A3956D46DE8}") = "Domain", "Domain", "{8819884B-6495-4D1A-84CC-9FB8363AECFB}"
EndProject
Project("{FAE04EC0-301F-11D3-BF4B-00C04F79EFBC}") = "BlogFlow.Core.Domain", "BlogFlow.Core.Domain\BlogFlow.Core.Domain.csproj", "{0C2FB327-577A-4B84-9AA7-8FD27EFF91CA}"
EndProject
Project("{2150E333-8FDC-42A3-9474-1A3956D46DE8}") = "Application", "Application", "{4323AF5C-DB94-4192-AE6A-D6BD61C96F13}"
EndProject
Project("{FAE04EC0-301F-11D3-BF4B-00C04F79EFBC}") = "BlogFlow.Core.Application.DTO", "BlogFlow.Core.Application.DTO\BlogFlow.Core.Application.DTO.csproj", "{3205135E-AFCE-40D4-A3FF-C24D7E451480}"
EndProject
Project("{FAE04EC0-301F-11D3-BF4B-00C04F79EFBC}") = "BlogFlow.Core.Application.UseCases", "BlogFlow.Core.Application.UseCases\BlogFlow.Core.Application.UseCases.csproj", "{36C67D55-2800-4234-A2DE-F7F982A436F1}"
EndProject
Project("{FAE04EC0-301F-11D3-BF4B-00C04F79EFBC}") = "BlogFlow.Common.Persistence", "..\BlogFlow.Auth\BlogFlow.Common.Persistence\BlogFlow.Common.Persistence.csproj", "{2E0DD17B-4D1E-4B76-8C06-5C523FE6162C}"
EndProject
Project("{FAE04EC0-301F-11D3-BF4B-00C04F79EFBC}") = "BlogFlow.Common.Application.Interface", "..\BlogFlow.Auth\BlogFlow.Common.Application.Interface\BlogFlow.Common.Application.Interface.csproj", "{D298F700-EF1E-472D-98AC-8E771F695BA5}"
EndProject
Global
	GlobalSection(SolutionConfigurationPlatforms) = preSolution
		Debug|Any CPU = Debug|Any CPU
		Release|Any CPU = Release|Any CPU
	EndGlobalSection
	GlobalSection(ProjectConfigurationPlatforms) = postSolution
		{59AA1281-B0E5-4539-BA83-D6D4106612F1}.Debug|Any CPU.ActiveCfg = Debug|Any CPU
		{59AA1281-B0E5-4539-BA83-D6D4106612F1}.Debug|Any CPU.Build.0 = Debug|Any CPU
		{59AA1281-B0E5-4539-BA83-D6D4106612F1}.Release|Any CPU.ActiveCfg = Release|Any CPU
		{59AA1281-B0E5-4539-BA83-D6D4106612F1}.Release|Any CPU.Build.0 = Release|Any CPU
		{C8820C19-CB88-4A00-ACD3-F46B731BE925}.Debug|Any CPU.ActiveCfg = Debug|Any CPU
		{C8820C19-CB88-4A00-ACD3-F46B731BE925}.Debug|Any CPU.Build.0 = Debug|Any CPU
		{C8820C19-CB88-4A00-ACD3-F46B731BE925}.Release|Any CPU.ActiveCfg = Release|Any CPU
		{C8820C19-CB88-4A00-ACD3-F46B731BE925}.Release|Any CPU.Build.0 = Release|Any CPU
		{0C2FB327-577A-4B84-9AA7-8FD27EFF91CA}.Debug|Any CPU.ActiveCfg = Debug|Any CPU
		{0C2FB327-577A-4B84-9AA7-8FD27EFF91CA}.Debug|Any CPU.Build.0 = Debug|Any CPU
		{0C2FB327-577A-4B84-9AA7-8FD27EFF91CA}.Release|Any CPU.ActiveCfg = Release|Any CPU
		{0C2FB327-577A-4B84-9AA7-8FD27EFF91CA}.Release|Any CPU.Build.0 = Release|Any CPU
		{3205135E-AFCE-40D4-A3FF-C24D7E451480}.Debug|Any CPU.ActiveCfg = Debug|Any CPU
		{3205135E-AFCE-40D4-A3FF-C24D7E451480}.Debug|Any CPU.Build.0 = Debug|Any CPU
		{3205135E-AFCE-40D4-A3FF-C24D7E451480}.Release|Any CPU.ActiveCfg = Release|Any CPU
		{3205135E-AFCE-40D4-A3FF-C24D7E451480}.Release|Any CPU.Build.0 = Release|Any CPU
		{36C67D55-2800-4234-A2DE-F7F982A436F1}.Debug|Any CPU.ActiveCfg = Debug|Any CPU
		{36C67D55-2800-4234-A2DE-F7F982A436F1}.Debug|Any CPU.Build.0 = Debug|Any CPU
		{36C67D55-2800-4234-A2DE-F7F982A436F1}.Release|Any CPU.ActiveCfg = Release|Any CPU
		{36C67D55-2800-4234-A2DE-F7F982A436F1}.Release|Any CPU.Build.0 = Release|Any CPU
		{2E0DD17B-4D1E-4B76-8C06-5C523FE6162C}.Debug|Any CPU.ActiveCfg = Debug|Any CPU
		{2E0DD17B-4D1E-4B76-8C06-5C523FE6162C}.Debug|Any CPU.Build.0 = Debug|Any CPU
		{2E0DD17B-4D1E-4B76-8C06-5C523FE6162C}.Release|Any CPU.ActiveCfg = Release|Any CPU
		{2E0DD17B-4D1E-4B76-8C06-5C523FE6162C}.Release|Any CPU.Build.0 = Release|Any CPU
		{D298F700-EF1E-472D-98AC-8E771F695BA5}.Debug|Any CPU.ActiveCfg = Debug|Any CPU
		{D298F700-EF1E-472D-98AC-8E771F695BA5}.Debug|Any CPU.Build.0 = Debug|Any CPU
		{D298F700-EF1E-472D-98AC-8E771F695BA5}.Release|Any CPU.ActiveCfg = Release|Any CPU
		{D298F700-EF1E-472D-98AC-8E771F695BA5}.Release|Any CPU.Build.0 = Release|Any CPU
	EndGlobalSection
	GlobalSection(SolutionProperties) = preSolution
		HideSolutionNode = FALSE
	EndGlobalSection
	GlobalSection(NestedProjects) = preSolution
		{59AA1281-B0E5-4539-BA83-D6D4106612F1} = {8EB6F81F-EB8C-47F8-910E-EBDDFBD783CA}
		{C8820C19-CB88-4A00-ACD3-F46B731BE925} = {46D5221B-40B7-4505-AF98-FA9AD5785903}
		{0C2FB327-577A-4B84-9AA7-8FD27EFF91CA} = {8819884B-6495-4D1A-84CC-9FB8363AECFB}
		{3205135E-AFCE-40D4-A3FF-C24D7E451480} = {4323AF5C-DB94-4192-AE6A-D6BD61C96F13}
		{36C67D55-2800-4234-A2DE-F7F982A436F1} = {4323AF5C-DB94-4192-AE6A-D6BD61C96F13}
		{2E0DD17B-4D1E-4B76-8C06-5C523FE6162C} = {D56E9D98-0F86-4A57-9B36-554C524FDC86}
		{D298F700-EF1E-472D-98AC-8E771F695BA5} = {4323AF5C-DB94-4192-AE6A-D6BD61C96F13}
	EndGlobalSection
EndGlobal
